// !$*UTF8*$!
{
	archiveVersion = 1;
	classes = {
	};
	objectVersion = 56;
	objects = {

/* Begin PBXBuildFile section */
		79046BC029F3ED77006AC3D7 /* AppDelegate.swift in Sources */ = {isa = PBXBuildFile; fileRef = 79046BBF29F3ED77006AC3D7 /* AppDelegate.swift */; };
		79046BC229F3ED77006AC3D7 /* SceneDelegate.swift in Sources */ = {isa = PBXBuildFile; fileRef = 79046BC129F3ED77006AC3D7 /* SceneDelegate.swift */; };
		79046BC429F3ED77006AC3D7 /* ViewController.swift in Sources */ = {isa = PBXBuildFile; fileRef = 79046BC329F3ED77006AC3D7 /* ViewController.swift */; };
		79046BC729F3ED77006AC3D7 /* Main.storyboard in Resources */ = {isa = PBXBuildFile; fileRef = 79046BC529F3ED77006AC3D7 /* Main.storyboard */; };
		79046BC929F3ED79006AC3D7 /* Assets.xcassets in Resources */ = {isa = PBXBuildFile; fileRef = 79046BC829F3ED79006AC3D7 /* Assets.xcassets */; };
		79046BCC29F3ED79006AC3D7 /* LaunchScreen.storyboard in Resources */ = {isa = PBXBuildFile; fileRef = 79046BCA29F3ED79006AC3D7 /* LaunchScreen.storyboard */; };
		79046BD729F3ED7A006AC3D7 /* BLETests.swift in Sources */ = {isa = PBXBuildFile; fileRef = 79046BD629F3ED7A006AC3D7 /* BLETests.swift */; };
		79046BE129F3ED7A006AC3D7 /* BLEUITests.swift in Sources */ = {isa = PBXBuildFile; fileRef = 79046BE029F3ED7A006AC3D7 /* BLEUITests.swift */; };
		79046BE329F3ED7A006AC3D7 /* BLEUITestsLaunchTests.swift in Sources */ = {isa = PBXBuildFile; fileRef = 79046BE229F3ED7A006AC3D7 /* BLEUITestsLaunchTests.swift */; };
		79046BF029F409B4006AC3D7 /* bg_guest_start.png in Resources */ = {isa = PBXBuildFile; fileRef = 79046BEF29F409B4006AC3D7 /* bg_guest_start.png */; };
		79046BF629F42357006AC3D7 /* SecondViewController.swift in Sources */ = {isa = PBXBuildFile; fileRef = 79046BF529F42357006AC3D7 /* SecondViewController.swift */; };
		79046BFA29F426C1006AC3D7 /* bg_guest_main.jpg in Resources */ = {isa = PBXBuildFile; fileRef = 79046BF929F426C1006AC3D7 /* bg_guest_main.jpg */; };
		79046BFC29F426C7006AC3D7 /* ic_bluetooth_door_r1.png in Resources */ = {isa = PBXBuildFile; fileRef = 79046BFB29F426C7006AC3D7 /* ic_bluetooth_door_r1.png */; };
		79046BFE29F44D20006AC3D7 /* RequestAPI.swift in Sources */ = {isa = PBXBuildFile; fileRef = 79046BFD29F44D20006AC3D7 /* RequestAPI.swift */; };
		8F6977B48987755D919AC0B3 /* Pods_BLE_BLEUITests.framework in Frameworks */ = {isa = PBXBuildFile; fileRef = 9A50E3DFA2080EB8871CC991 /* Pods_BLE_BLEUITests.framework */; };
		B3486A8C0371F8082247A807 /* Pods_BLE.framework in Frameworks */ = {isa = PBXBuildFile; fileRef = FABAB24FEF3DED47DD82D336 /* Pods_BLE.framework */; };
		CEC9AC6EEF0F2491D400F06A /* Pods_BLETests.framework in Frameworks */ = {isa = PBXBuildFile; fileRef = 461F1AE7687785E6C92FA412 /* Pods_BLETests.framework */; };
/* End PBXBuildFile section */

/* Begin PBXContainerItemProxy section */
		79046BD329F3ED7A006AC3D7 /* PBXContainerItemProxy */ = {
			isa = PBXContainerItemProxy;
			containerPortal = 79046BB429F3ED77006AC3D7 /* Project object */;
			proxyType = 1;
			remoteGlobalIDString = 79046BBB29F3ED77006AC3D7;
			remoteInfo = BLE;
		};
		79046BDD29F3ED7A006AC3D7 /* PBXContainerItemProxy */ = {
			isa = PBXContainerItemProxy;
			containerPortal = 79046BB429F3ED77006AC3D7 /* Project object */;
			proxyType = 1;
			remoteGlobalIDString = 79046BBB29F3ED77006AC3D7;
			remoteInfo = BLE;
		};
/* End PBXContainerItemProxy section */

/* Begin PBXFileReference section */
		00ED6DD823C5B657AB5DE565 /* Pods-BLETests.release.xcconfig */ = {isa = PBXFileReference; includeInIndex = 1; lastKnownFileType = text.xcconfig; name = "Pods-BLETests.release.xcconfig"; path = "Target Support Files/Pods-BLETests/Pods-BLETests.release.xcconfig"; sourceTree = "<group>"; };
		461F1AE7687785E6C92FA412 /* Pods_BLETests.framework */ = {isa = PBXFileReference; explicitFileType = wrapper.framework; includeInIndex = 0; path = Pods_BLETests.framework; sourceTree = BUILT_PRODUCTS_DIR; };
		474EB2425B3CCBD867B0F6A9 /* Pods-BLE.release.xcconfig */ = {isa = PBXFileReference; includeInIndex = 1; lastKnownFileType = text.xcconfig; name = "Pods-BLE.release.xcconfig"; path = "Target Support Files/Pods-BLE/Pods-BLE.release.xcconfig"; sourceTree = "<group>"; };
		5454560705C523C6029A6460 /* Pods-BLE-BLEUITests.debug.xcconfig */ = {isa = PBXFileReference; includeInIndex = 1; lastKnownFileType = text.xcconfig; name = "Pods-BLE-BLEUITests.debug.xcconfig"; path = "Target Support Files/Pods-BLE-BLEUITests/Pods-BLE-BLEUITests.debug.xcconfig"; sourceTree = "<group>"; };
		571649481DDAB008207A3CE0 /* Pods-BLE-BLEUITests.release.xcconfig */ = {isa = PBXFileReference; includeInIndex = 1; lastKnownFileType = text.xcconfig; name = "Pods-BLE-BLEUITests.release.xcconfig"; path = "Target Support Files/Pods-BLE-BLEUITests/Pods-BLE-BLEUITests.release.xcconfig"; sourceTree = "<group>"; };
		58A403641649088D1F2B6D8B /* Pods-BLETests.debug.xcconfig */ = {isa = PBXFileReference; includeInIndex = 1; lastKnownFileType = text.xcconfig; name = "Pods-BLETests.debug.xcconfig"; path = "Target Support Files/Pods-BLETests/Pods-BLETests.debug.xcconfig"; sourceTree = "<group>"; };
		79046BBC29F3ED77006AC3D7 /* BLE.app */ = {isa = PBXFileReference; explicitFileType = wrapper.application; includeInIndex = 0; path = BLE.app; sourceTree = BUILT_PRODUCTS_DIR; };
		79046BBF29F3ED77006AC3D7 /* AppDelegate.swift */ = {isa = PBXFileReference; lastKnownFileType = sourcecode.swift; path = AppDelegate.swift; sourceTree = "<group>"; };
		79046BC129F3ED77006AC3D7 /* SceneDelegate.swift */ = {isa = PBXFileReference; lastKnownFileType = sourcecode.swift; path = SceneDelegate.swift; sourceTree = "<group>"; };
		79046BC329F3ED77006AC3D7 /* ViewController.swift */ = {isa = PBXFileReference; lastKnownFileType = sourcecode.swift; path = ViewController.swift; sourceTree = "<group>"; };
		79046BC629F3ED77006AC3D7 /* Base */ = {isa = PBXFileReference; lastKnownFileType = file.storyboard; name = Base; path = Base.lproj/Main.storyboard; sourceTree = "<group>"; };
		79046BC829F3ED79006AC3D7 /* Assets.xcassets */ = {isa = PBXFileReference; lastKnownFileType = folder.assetcatalog; path = Assets.xcassets; sourceTree = "<group>"; };
		79046BCB29F3ED79006AC3D7 /* Base */ = {isa = PBXFileReference; lastKnownFileType = file.storyboard; name = Base; path = Base.lproj/LaunchScreen.storyboard; sourceTree = "<group>"; };
		79046BCD29F3ED79006AC3D7 /* Info.plist */ = {isa = PBXFileReference; lastKnownFileType = text.plist.xml; path = Info.plist; sourceTree = "<group>"; };
		79046BD229F3ED7A006AC3D7 /* BLETests.xctest */ = {isa = PBXFileReference; explicitFileType = wrapper.cfbundle; includeInIndex = 0; path = BLETests.xctest; sourceTree = BUILT_PRODUCTS_DIR; };
		79046BD629F3ED7A006AC3D7 /* BLETests.swift */ = {isa = PBXFileReference; lastKnownFileType = sourcecode.swift; path = BLETests.swift; sourceTree = "<group>"; };
		79046BDC29F3ED7A006AC3D7 /* BLEUITests.xctest */ = {isa = PBXFileReference; explicitFileType = wrapper.cfbundle; includeInIndex = 0; path = BLEUITests.xctest; sourceTree = BUILT_PRODUCTS_DIR; };
		79046BE029F3ED7A006AC3D7 /* BLEUITests.swift */ = {isa = PBXFileReference; lastKnownFileType = sourcecode.swift; path = BLEUITests.swift; sourceTree = "<group>"; };
		79046BE229F3ED7A006AC3D7 /* BLEUITestsLaunchTests.swift */ = {isa = PBXFileReference; lastKnownFileType = sourcecode.swift; path = BLEUITestsLaunchTests.swift; sourceTree = "<group>"; };
		79046BEF29F409B4006AC3D7 /* bg_guest_start.png */ = {isa = PBXFileReference; lastKnownFileType = image.png; path = bg_guest_start.png; sourceTree = "<group>"; };
		79046BF529F42357006AC3D7 /* SecondViewController.swift */ = {isa = PBXFileReference; lastKnownFileType = sourcecode.swift; path = SecondViewController.swift; sourceTree = "<group>"; };
		79046BF929F426C1006AC3D7 /* bg_guest_main.jpg */ = {isa = PBXFileReference; lastKnownFileType = image.jpeg; path = bg_guest_main.jpg; sourceTree = "<group>"; };
		79046BFB29F426C7006AC3D7 /* ic_bluetooth_door_r1.png */ = {isa = PBXFileReference; lastKnownFileType = image.png; path = ic_bluetooth_door_r1.png; sourceTree = "<group>"; };
		79046BFD29F44D20006AC3D7 /* RequestAPI.swift */ = {isa = PBXFileReference; lastKnownFileType = sourcecode.swift; path = RequestAPI.swift; sourceTree = "<group>"; };
		9A50E3DFA2080EB8871CC991 /* Pods_BLE_BLEUITests.framework */ = {isa = PBXFileReference; explicitFileType = wrapper.framework; includeInIndex = 0; path = Pods_BLE_BLEUITests.framework; sourceTree = BUILT_PRODUCTS_DIR; };
		9F304C59F2D9275C5DDE1667 /* Pods-BLE.debug.xcconfig */ = {isa = PBXFileReference; includeInIndex = 1; lastKnownFileType = text.xcconfig; name = "Pods-BLE.debug.xcconfig"; path = "Target Support Files/Pods-BLE/Pods-BLE.debug.xcconfig"; sourceTree = "<group>"; };
		FABAB24FEF3DED47DD82D336 /* Pods_BLE.framework */ = {isa = PBXFileReference; explicitFileType = wrapper.framework; includeInIndex = 0; path = Pods_BLE.framework; sourceTree = BUILT_PRODUCTS_DIR; };
/* End PBXFileReference section */

/* Begin PBXFrameworksBuildPhase section */
		79046BB929F3ED77006AC3D7 /* Frameworks */ = {
			isa = PBXFrameworksBuildPhase;
			buildActionMask = 2147483647;
			files = (
				B3486A8C0371F8082247A807 /* Pods_BLE.framework in Frameworks */,
			);
			runOnlyForDeploymentPostprocessing = 0;
		};
		79046BCF29F3ED7A006AC3D7 /* Frameworks */ = {
			isa = PBXFrameworksBuildPhase;
			buildActionMask = 2147483647;
			files = (
				CEC9AC6EEF0F2491D400F06A /* Pods_BLETests.framework in Frameworks */,
			);
			runOnlyForDeploymentPostprocessing = 0;
		};
		79046BD929F3ED7A006AC3D7 /* Frameworks */ = {
			isa = PBXFrameworksBuildPhase;
			buildActionMask = 2147483647;
			files = (
				8F6977B48987755D919AC0B3 /* Pods_BLE_BLEUITests.framework in Frameworks */,
			);
			runOnlyForDeploymentPostprocessing = 0;
		};
/* End PBXFrameworksBuildPhase section */

/* Begin PBXGroup section */
		4B52EEB8E56E4CF845593165 /* Pods */ = {
			isa = PBXGroup;
			children = (
				9F304C59F2D9275C5DDE1667 /* Pods-BLE.debug.xcconfig */,
				474EB2425B3CCBD867B0F6A9 /* Pods-BLE.release.xcconfig */,
				5454560705C523C6029A6460 /* Pods-BLE-BLEUITests.debug.xcconfig */,
				571649481DDAB008207A3CE0 /* Pods-BLE-BLEUITests.release.xcconfig */,
				58A403641649088D1F2B6D8B /* Pods-BLETests.debug.xcconfig */,
				00ED6DD823C5B657AB5DE565 /* Pods-BLETests.release.xcconfig */,
			);
			path = Pods;
			sourceTree = "<group>";
		};
		79046BB329F3ED77006AC3D7 = {
			isa = PBXGroup;
			children = (
				79046BBE29F3ED77006AC3D7 /* BLE */,
				79046BD529F3ED7A006AC3D7 /* BLETests */,
				79046BDF29F3ED7A006AC3D7 /* BLEUITests */,
				79046BBD29F3ED77006AC3D7 /* Products */,
				4B52EEB8E56E4CF845593165 /* Pods */,
				C57AA64CB25EF35F101BDF5E /* Frameworks */,
			);
			sourceTree = "<group>";
		};
		79046BBD29F3ED77006AC3D7 /* Products */ = {
			isa = PBXGroup;
			children = (
				79046BBC29F3ED77006AC3D7 /* BLE.app */,
				79046BD229F3ED7A006AC3D7 /* BLETests.xctest */,
				79046BDC29F3ED7A006AC3D7 /* BLEUITests.xctest */,
			);
			name = Products;
			sourceTree = "<group>";
		};
		79046BBE29F3ED77006AC3D7 /* BLE */ = {
			isa = PBXGroup;
			children = (
				79046BBF29F3ED77006AC3D7 /* AppDelegate.swift */,
				79046BC129F3ED77006AC3D7 /* SceneDelegate.swift */,
				79046BC329F3ED77006AC3D7 /* ViewController.swift */,
				79046BC529F3ED77006AC3D7 /* Main.storyboard */,
				79046BF529F42357006AC3D7 /* SecondViewController.swift */,
				79046BC829F3ED79006AC3D7 /* Assets.xcassets */,
				79046BEF29F409B4006AC3D7 /* bg_guest_start.png */,
				79046BFB29F426C7006AC3D7 /* ic_bluetooth_door_r1.png */,
				79046BF929F426C1006AC3D7 /* bg_guest_main.jpg */,
				79046BCA29F3ED79006AC3D7 /* LaunchScreen.storyboard */,
				79046BCD29F3ED79006AC3D7 /* Info.plist */,
				79046BFD29F44D20006AC3D7 /* RequestAPI.swift */,
			);
			path = BLE;
			sourceTree = "<group>";
		};
		79046BD529F3ED7A006AC3D7 /* BLETests */ = {
			isa = PBXGroup;
			children = (
				79046BD629F3ED7A006AC3D7 /* BLETests.swift */,
			);
			path = BLETests;
			sourceTree = "<group>";
		};
		79046BDF29F3ED7A006AC3D7 /* BLEUITests */ = {
			isa = PBXGroup;
			children = (
				79046BE029F3ED7A006AC3D7 /* BLEUITests.swift */,
				79046BE229F3ED7A006AC3D7 /* BLEUITestsLaunchTests.swift */,
			);
			path = BLEUITests;
			sourceTree = "<group>";
		};
		C57AA64CB25EF35F101BDF5E /* Frameworks */ = {
			isa = PBXGroup;
			children = (
				FABAB24FEF3DED47DD82D336 /* Pods_BLE.framework */,
				9A50E3DFA2080EB8871CC991 /* Pods_BLE_BLEUITests.framework */,
				461F1AE7687785E6C92FA412 /* Pods_BLETests.framework */,
			);
			name = Frameworks;
			sourceTree = "<group>";
		};
/* End PBXGroup section */

/* Begin PBXNativeTarget section */
		79046BBB29F3ED77006AC3D7 /* BLE */ = {
			isa = PBXNativeTarget;
			buildConfigurationList = 79046BE629F3ED7A006AC3D7 /* Build configuration list for PBXNativeTarget "BLE" */;
			buildPhases = (
				949360E03B80DB1EADAE7F2C /* [CP] Check Pods Manifest.lock */,
				79046BB829F3ED77006AC3D7 /* Sources */,
				79046BB929F3ED77006AC3D7 /* Frameworks */,
				79046BBA29F3ED77006AC3D7 /* Resources */,
				9B80F9088DE90F9BBD770257 /* [CP] Embed Pods Frameworks */,
			);
			buildRules = (
			);
			dependencies = (
			);
			name = BLE;
			productName = BLE;
			productReference = 79046BBC29F3ED77006AC3D7 /* BLE.app */;
			productType = "com.apple.product-type.application";
		};
		79046BD129F3ED7A006AC3D7 /* BLETests */ = {
			isa = PBXNativeTarget;
			buildConfigurationList = 79046BE929F3ED7A006AC3D7 /* Build configuration list for PBXNativeTarget "BLETests" */;
			buildPhases = (
				58C83393E673EAA0A97FC527 /* [CP] Check Pods Manifest.lock */,
				79046BCE29F3ED7A006AC3D7 /* Sources */,
				79046BCF29F3ED7A006AC3D7 /* Frameworks */,
				79046BD029F3ED7A006AC3D7 /* Resources */,
				920D0C04EFCCB5206A28334A /* [CP] Embed Pods Frameworks */,
			);
			buildRules = (
			);
			dependencies = (
				79046BD429F3ED7A006AC3D7 /* PBXTargetDependency */,
			);
			name = BLETests;
			productName = BLETests;
			productReference = 79046BD229F3ED7A006AC3D7 /* BLETests.xctest */;
			productType = "com.apple.product-type.bundle.unit-test";
		};
		79046BDB29F3ED7A006AC3D7 /* BLEUITests */ = {
			isa = PBXNativeTarget;
			buildConfigurationList = 79046BEC29F3ED7A006AC3D7 /* Build configuration list for PBXNativeTarget "BLEUITests" */;
			buildPhases = (
				2E719BC6BBBFFBF4812F8807 /* [CP] Check Pods Manifest.lock */,
				79046BD829F3ED7A006AC3D7 /* Sources */,
				79046BD929F3ED7A006AC3D7 /* Frameworks */,
				79046BDA29F3ED7A006AC3D7 /* Resources */,
				DAB309A2ECFCE6388A9B2CB8 /* [CP] Embed Pods Frameworks */,
			);
			buildRules = (
			);
			dependencies = (
				79046BDE29F3ED7A006AC3D7 /* PBXTargetDependency */,
			);
			name = BLEUITests;
			productName = BLEUITests;
			productReference = 79046BDC29F3ED7A006AC3D7 /* BLEUITests.xctest */;
			productType = "com.apple.product-type.bundle.ui-testing";
		};
/* End PBXNativeTarget section */

/* Begin PBXProject section */
		79046BB429F3ED77006AC3D7 /* Project object */ = {
			isa = PBXProject;
			attributes = {
				BuildIndependentTargetsInParallel = 1;
				LastSwiftUpdateCheck = 1430;
				LastUpgradeCheck = 1430;
				TargetAttributes = {
					79046BBB29F3ED77006AC3D7 = {
						CreatedOnToolsVersion = 14.3;
					};
					79046BD129F3ED7A006AC3D7 = {
						CreatedOnToolsVersion = 14.3;
						TestTargetID = 79046BBB29F3ED77006AC3D7;
					};
					79046BDB29F3ED7A006AC3D7 = {
						CreatedOnToolsVersion = 14.3;
						TestTargetID = 79046BBB29F3ED77006AC3D7;
					};
				};
			};
			buildConfigurationList = 79046BB729F3ED77006AC3D7 /* Build configuration list for PBXProject "BLE" */;
			compatibilityVersion = "Xcode 14.0";
			developmentRegion = en;
			hasScannedForEncodings = 0;
			knownRegions = (
				en,
				Base,
			);
			mainGroup = 79046BB329F3ED77006AC3D7;
			productRefGroup = 79046BBD29F3ED77006AC3D7 /* Products */;
			projectDirPath = "";
			projectRoot = "";
			targets = (
				79046BBB29F3ED77006AC3D7 /* BLE */,
				79046BD129F3ED7A006AC3D7 /* BLETests */,
				79046BDB29F3ED7A006AC3D7 /* BLEUITests */,
			);
		};
/* End PBXProject section */

/* Begin PBXResourcesBuildPhase section */
		79046BBA29F3ED77006AC3D7 /* Resources */ = {
			isa = PBXResourcesBuildPhase;
			buildActionMask = 2147483647;
			files = (
				79046BCC29F3ED79006AC3D7 /* LaunchScreen.storyboard in Resources */,
				79046BFC29F426C7006AC3D7 /* ic_bluetooth_door_r1.png in Resources */,
				79046BFA29F426C1006AC3D7 /* bg_guest_main.jpg in Resources */,
				79046BC929F3ED79006AC3D7 /* Assets.xcassets in Resources */,
				79046BF029F409B4006AC3D7 /* bg_guest_start.png in Resources */,
				79046BC729F3ED77006AC3D7 /* Main.storyboard in Resources */,
			);
			runOnlyForDeploymentPostprocessing = 0;
		};
		79046BD029F3ED7A006AC3D7 /* Resources */ = {
			isa = PBXResourcesBuildPhase;
			buildActionMask = 2147483647;
			files = (
			);
			runOnlyForDeploymentPostprocessing = 0;
		};
		79046BDA29F3ED7A006AC3D7 /* Resources */ = {
			isa = PBXResourcesBuildPhase;
			buildActionMask = 2147483647;
			files = (
			);
			runOnlyForDeploymentPostprocessing = 0;
		};
/* End PBXResourcesBuildPhase section */

/* Begin PBXShellScriptBuildPhase section */
		2E719BC6BBBFFBF4812F8807 /* [CP] Check Pods Manifest.lock */ = {
			isa = PBXShellScriptBuildPhase;
			buildActionMask = 2147483647;
			files = (
			);
			inputFileListPaths = (
			);
			inputPaths = (
				"${PODS_PODFILE_DIR_PATH}/Podfile.lock",
				"${PODS_ROOT}/Manifest.lock",
			);
			name = "[CP] Check Pods Manifest.lock";
			outputFileListPaths = (
			);
			outputPaths = (
				"$(DERIVED_FILE_DIR)/Pods-BLE-BLEUITests-checkManifestLockResult.txt",
			);
			runOnlyForDeploymentPostprocessing = 0;
			shellPath = /bin/sh;
			shellScript = "diff \"${PODS_PODFILE_DIR_PATH}/Podfile.lock\" \"${PODS_ROOT}/Manifest.lock\" > /dev/null\nif [ $? != 0 ] ; then\n    # print error to STDERR\n    echo \"error: The sandbox is not in sync with the Podfile.lock. Run 'pod install' or update your CocoaPods installation.\" >&2\n    exit 1\nfi\n# This output is used by Xcode 'outputs' to avoid re-running this script phase.\necho \"SUCCESS\" > \"${SCRIPT_OUTPUT_FILE_0}\"\n";
			showEnvVarsInLog = 0;
		};
		58C83393E673EAA0A97FC527 /* [CP] Check Pods Manifest.lock */ = {
			isa = PBXShellScriptBuildPhase;
			buildActionMask = 2147483647;
			files = (
			);
			inputFileListPaths = (
			);
			inputPaths = (
				"${PODS_PODFILE_DIR_PATH}/Podfile.lock",
				"${PODS_ROOT}/Manifest.lock",
			);
			name = "[CP] Check Pods Manifest.lock";
			outputFileListPaths = (
			);
			outputPaths = (
				"$(DERIVED_FILE_DIR)/Pods-BLETests-checkManifestLockResult.txt",
			);
			runOnlyForDeploymentPostprocessing = 0;
			shellPath = /bin/sh;
			shellScript = "diff \"${PODS_PODFILE_DIR_PATH}/Podfile.lock\" \"${PODS_ROOT}/Manifest.lock\" > /dev/null\nif [ $? != 0 ] ; then\n    # print error to STDERR\n    echo \"error: The sandbox is not in sync with the Podfile.lock. Run 'pod install' or update your CocoaPods installation.\" >&2\n    exit 1\nfi\n# This output is used by Xcode 'outputs' to avoid re-running this script phase.\necho \"SUCCESS\" > \"${SCRIPT_OUTPUT_FILE_0}\"\n";
			showEnvVarsInLog = 0;
		};
		920D0C04EFCCB5206A28334A /* [CP] Embed Pods Frameworks */ = {
			isa = PBXShellScriptBuildPhase;
			buildActionMask = 2147483647;
			files = (
			);
			inputFileListPaths = (
				"${PODS_ROOT}/Target Support Files/Pods-BLETests/Pods-BLETests-frameworks-${CONFIGURATION}-input-files.xcfilelist",
			);
			name = "[CP] Embed Pods Frameworks";
			outputFileListPaths = (
				"${PODS_ROOT}/Target Support Files/Pods-BLETests/Pods-BLETests-frameworks-${CONFIGURATION}-output-files.xcfilelist",
			);
			runOnlyForDeploymentPostprocessing = 0;
			shellPath = /bin/sh;
			shellScript = "\"${PODS_ROOT}/Target Support Files/Pods-BLETests/Pods-BLETests-frameworks.sh\"\n";
			showEnvVarsInLog = 0;
		};
		949360E03B80DB1EADAE7F2C /* [CP] Check Pods Manifest.lock */ = {
			isa = PBXShellScriptBuildPhase;
			buildActionMask = 2147483647;
			files = (
			);
			inputFileListPaths = (
			);
			inputPaths = (
				"${PODS_PODFILE_DIR_PATH}/Podfile.lock",
				"${PODS_ROOT}/Manifest.lock",
			);
			name = "[CP] Check Pods Manifest.lock";
			outputFileListPaths = (
			);
			outputPaths = (
				"$(DERIVED_FILE_DIR)/Pods-BLE-checkManifestLockResult.txt",
			);
			runOnlyForDeploymentPostprocessing = 0;
			shellPath = /bin/sh;
			shellScript = "diff \"${PODS_PODFILE_DIR_PATH}/Podfile.lock\" \"${PODS_ROOT}/Manifest.lock\" > /dev/null\nif [ $? != 0 ] ; then\n    # print error to STDERR\n    echo \"error: The sandbox is not in sync with the Podfile.lock. Run 'pod install' or update your CocoaPods installation.\" >&2\n    exit 1\nfi\n# This output is used by Xcode 'outputs' to avoid re-running this script phase.\necho \"SUCCESS\" > \"${SCRIPT_OUTPUT_FILE_0}\"\n";
			showEnvVarsInLog = 0;
		};
		9B80F9088DE90F9BBD770257 /* [CP] Embed Pods Frameworks */ = {
			isa = PBXShellScriptBuildPhase;
			buildActionMask = 2147483647;
			files = (
			);
			inputFileListPaths = (
				"${PODS_ROOT}/Target Support Files/Pods-BLE/Pods-BLE-frameworks-${CONFIGURATION}-input-files.xcfilelist",
			);
			name = "[CP] Embed Pods Frameworks";
			outputFileListPaths = (
				"${PODS_ROOT}/Target Support Files/Pods-BLE/Pods-BLE-frameworks-${CONFIGURATION}-output-files.xcfilelist",
			);
			runOnlyForDeploymentPostprocessing = 0;
			shellPath = /bin/sh;
			shellScript = "\"${PODS_ROOT}/Target Support Files/Pods-BLE/Pods-BLE-frameworks.sh\"\n";
			showEnvVarsInLog = 0;
		};
		DAB309A2ECFCE6388A9B2CB8 /* [CP] Embed Pods Frameworks */ = {
			isa = PBXShellScriptBuildPhase;
			buildActionMask = 2147483647;
			files = (
			);
			inputFileListPaths = (
				"${PODS_ROOT}/Target Support Files/Pods-BLE-BLEUITests/Pods-BLE-BLEUITests-frameworks-${CONFIGURATION}-input-files.xcfilelist",
			);
			name = "[CP] Embed Pods Frameworks";
			outputFileListPaths = (
				"${PODS_ROOT}/Target Support Files/Pods-BLE-BLEUITests/Pods-BLE-BLEUITests-frameworks-${CONFIGURATION}-output-files.xcfilelist",
			);
			runOnlyForDeploymentPostprocessing = 0;
			shellPath = /bin/sh;
			shellScript = "\"${PODS_ROOT}/Target Support Files/Pods-BLE-BLEUITests/Pods-BLE-BLEUITests-frameworks.sh\"\n";
			showEnvVarsInLog = 0;
		};
/* End PBXShellScriptBuildPhase section */

/* Begin PBXSourcesBuildPhase section */
		79046BB829F3ED77006AC3D7 /* Sources */ = {
			isa = PBXSourcesBuildPhase;
			buildActionMask = 2147483647;
			files = (
				79046BF629F42357006AC3D7 /* SecondViewController.swift in Sources */,
				79046BC429F3ED77006AC3D7 /* ViewController.swift in Sources */,
				79046BC029F3ED77006AC3D7 /* AppDelegate.swift in Sources */,
				79046BFE29F44D20006AC3D7 /* RequestAPI.swift in Sources */,
				79046BC229F3ED77006AC3D7 /* SceneDelegate.swift in Sources */,
			);
			runOnlyForDeploymentPostprocessing = 0;
		};
		79046BCE29F3ED7A006AC3D7 /* Sources */ = {
			isa = PBXSourcesBuildPhase;
			buildActionMask = 2147483647;
			files = (
				79046BD729F3ED7A006AC3D7 /* BLETests.swift in Sources */,
			);
			runOnlyForDeploymentPostprocessing = 0;
		};
		79046BD829F3ED7A006AC3D7 /* Sources */ = {
			isa = PBXSourcesBuildPhase;
			buildActionMask = 2147483647;
			files = (
				79046BE329F3ED7A006AC3D7 /* BLEUITestsLaunchTests.swift in Sources */,
				79046BE129F3ED7A006AC3D7 /* BLEUITests.swift in Sources */,
			);
			runOnlyForDeploymentPostprocessing = 0;
		};
/* End PBXSourcesBuildPhase section */

/* Begin PBXTargetDependency section */
		79046BD429F3ED7A006AC3D7 /* PBXTargetDependency */ = {
			isa = PBXTargetDependency;
			target = 79046BBB29F3ED77006AC3D7 /* BLE */;
			targetProxy = 79046BD329F3ED7A006AC3D7 /* PBXContainerItemProxy */;
		};
		79046BDE29F3ED7A006AC3D7 /* PBXTargetDependency */ = {
			isa = PBXTargetDependency;
			target = 79046BBB29F3ED77006AC3D7 /* BLE */;
			targetProxy = 79046BDD29F3ED7A006AC3D7 /* PBXContainerItemProxy */;
		};
/* End PBXTargetDependency section */

/* Begin PBXVariantGroup section */
		79046BC529F3ED77006AC3D7 /* Main.storyboard */ = {
			isa = PBXVariantGroup;
			children = (
				79046BC629F3ED77006AC3D7 /* Base */,
			);
			name = Main.storyboard;
			sourceTree = "<group>";
		};
		79046BCA29F3ED79006AC3D7 /* LaunchScreen.storyboard */ = {
			isa = PBXVariantGroup;
			children = (
				79046BCB29F3ED79006AC3D7 /* Base */,
			);
			name = LaunchScreen.storyboard;
			sourceTree = "<group>";
		};
/* End PBXVariantGroup section */

/* Begin XCBuildConfiguration section */
		79046BE429F3ED7A006AC3D7 /* Debug */ = {
			isa = XCBuildConfiguration;
			buildSettings = {
				ALWAYS_SEARCH_USER_PATHS = NO;
				CLANG_ANALYZER_NONNULL = YES;
				CLANG_ANALYZER_NUMBER_OBJECT_CONVERSION = YES_AGGRESSIVE;
				CLANG_CXX_LANGUAGE_STANDARD = "gnu++20";
				CLANG_ENABLE_MODULES = YES;
				CLANG_ENABLE_OBJC_ARC = YES;
				CLANG_ENABLE_OBJC_WEAK = YES;
				CLANG_WARN_BLOCK_CAPTURE_AUTORELEASING = YES;
				CLANG_WARN_BOOL_CONVERSION = YES;
				CLANG_WARN_COMMA = YES;
				CLANG_WARN_CONSTANT_CONVERSION = YES;
				CLANG_WARN_DEPRECATED_OBJC_IMPLEMENTATIONS = YES;
				CLANG_WARN_DIRECT_OBJC_ISA_USAGE = YES_ERROR;
				CLANG_WARN_DOCUMENTATION_COMMENTS = YES;
				CLANG_WARN_EMPTY_BODY = YES;
				CLANG_WARN_ENUM_CONVERSION = YES;
				CLANG_WARN_INFINITE_RECURSION = YES;
				CLANG_WARN_INT_CONVERSION = YES;
				CLANG_WARN_NON_LITERAL_NULL_CONVERSION = YES;
				CLANG_WARN_OBJC_IMPLICIT_RETAIN_SELF = YES;
				CLANG_WARN_OBJC_LITERAL_CONVERSION = YES;
				CLANG_WARN_OBJC_ROOT_CLASS = YES_ERROR;
				CLANG_WARN_QUOTED_INCLUDE_IN_FRAMEWORK_HEADER = YES;
				CLANG_WARN_RANGE_LOOP_ANALYSIS = YES;
				CLANG_WARN_STRICT_PROTOTYPES = YES;
				CLANG_WARN_SUSPICIOUS_MOVE = YES;
				CLANG_WARN_UNGUARDED_AVAILABILITY = YES_AGGRESSIVE;
				CLANG_WARN_UNREACHABLE_CODE = YES;
				CLANG_WARN__DUPLICATE_METHOD_MATCH = YES;
				COPY_PHASE_STRIP = NO;
				DEBUG_INFORMATION_FORMAT = dwarf;
				ENABLE_STRICT_OBJC_MSGSEND = YES;
				ENABLE_TESTABILITY = YES;
				GCC_C_LANGUAGE_STANDARD = gnu11;
				GCC_DYNAMIC_NO_PIC = NO;
				GCC_NO_COMMON_BLOCKS = YES;
				GCC_OPTIMIZATION_LEVEL = 0;
				GCC_PREPROCESSOR_DEFINITIONS = (
					"DEBUG=1",
					"$(inherited)",
				);
				GCC_WARN_64_TO_32_BIT_CONVERSION = YES;
				GCC_WARN_ABOUT_RETURN_TYPE = YES_ERROR;
				GCC_WARN_UNDECLARED_SELECTOR = YES;
				GCC_WARN_UNINITIALIZED_AUTOS = YES_AGGRESSIVE;
				GCC_WARN_UNUSED_FUNCTION = YES;
				GCC_WARN_UNUSED_VARIABLE = YES;
				IPHONEOS_DEPLOYMENT_TARGET = 16.4;
				MTL_ENABLE_DEBUG_INFO = INCLUDE_SOURCE;
				MTL_FAST_MATH = YES;
				ONLY_ACTIVE_ARCH = YES;
				SDKROOT = iphoneos;
				SWIFT_ACTIVE_COMPILATION_CONDITIONS = DEBUG;
				SWIFT_OPTIMIZATION_LEVEL = "-Onone";
			};
			name = Debug;
		};
		79046BE529F3ED7A006AC3D7 /* Release */ = {
			isa = XCBuildConfiguration;
			buildSettings = {
				ALWAYS_SEARCH_USER_PATHS = NO;
				CLANG_ANALYZER_NONNULL = YES;
				CLANG_ANALYZER_NUMBER_OBJECT_CONVERSION = YES_AGGRESSIVE;
				CLANG_CXX_LANGUAGE_STANDARD = "gnu++20";
				CLANG_ENABLE_MODULES = YES;
				CLANG_ENABLE_OBJC_ARC = YES;
				CLANG_ENABLE_OBJC_WEAK = YES;
				CLANG_WARN_BLOCK_CAPTURE_AUTORELEASING = YES;
				CLANG_WARN_BOOL_CONVERSION = YES;
				CLANG_WARN_COMMA = YES;
				CLANG_WARN_CONSTANT_CONVERSION = YES;
				CLANG_WARN_DEPRECATED_OBJC_IMPLEMENTATIONS = YES;
				CLANG_WARN_DIRECT_OBJC_ISA_USAGE = YES_ERROR;
				CLANG_WARN_DOCUMENTATION_COMMENTS = YES;
				CLANG_WARN_EMPTY_BODY = YES;
				CLANG_WARN_ENUM_CONVERSION = YES;
				CLANG_WARN_INFINITE_RECURSION = YES;
				CLANG_WARN_INT_CONVERSION = YES;
				CLANG_WARN_NON_LITERAL_NULL_CONVERSION = YES;
				CLANG_WARN_OBJC_IMPLICIT_RETAIN_SELF = YES;
				CLANG_WARN_OBJC_LITERAL_CONVERSION = YES;
				CLANG_WARN_OBJC_ROOT_CLASS = YES_ERROR;
				CLANG_WARN_QUOTED_INCLUDE_IN_FRAMEWORK_HEADER = YES;
				CLANG_WARN_RANGE_LOOP_ANALYSIS = YES;
				CLANG_WARN_STRICT_PROTOTYPES = YES;
				CLANG_WARN_SUSPICIOUS_MOVE = YES;
				CLANG_WARN_UNGUARDED_AVAILABILITY = YES_AGGRESSIVE;
				CLANG_WARN_UNREACHABLE_CODE = YES;
				CLANG_WARN__DUPLICATE_METHOD_MATCH = YES;
				COPY_PHASE_STRIP = NO;
				DEBUG_INFORMATION_FORMAT = "dwarf-with-dsym";
				ENABLE_NS_ASSERTIONS = NO;
				ENABLE_STRICT_OBJC_MSGSEND = YES;
				GCC_C_LANGUAGE_STANDARD = gnu11;
				GCC_NO_COMMON_BLOCKS = YES;
				GCC_WARN_64_TO_32_BIT_CONVERSION = YES;
				GCC_WARN_ABOUT_RETURN_TYPE = YES_ERROR;
				GCC_WARN_UNDECLARED_SELECTOR = YES;
				GCC_WARN_UNINITIALIZED_AUTOS = YES_AGGRESSIVE;
				GCC_WARN_UNUSED_FUNCTION = YES;
				GCC_WARN_UNUSED_VARIABLE = YES;
				IPHONEOS_DEPLOYMENT_TARGET = 16.4;
				MTL_ENABLE_DEBUG_INFO = NO;
				MTL_FAST_MATH = YES;
				SDKROOT = iphoneos;
				SWIFT_COMPILATION_MODE = wholemodule;
				SWIFT_OPTIMIZATION_LEVEL = "-O";
				VALIDATE_PRODUCT = YES;
			};
			name = Release;
		};
		79046BE729F3ED7A006AC3D7 /* Debug */ = {
			isa = XCBuildConfiguration;
			baseConfigurationReference = 9F304C59F2D9275C5DDE1667 /* Pods-BLE.debug.xcconfig */;
			buildSettings = {
				ASSETCATALOG_COMPILER_APPICON_NAME = AppIcon;
				ASSETCATALOG_COMPILER_GLOBAL_ACCENT_COLOR_NAME = AccentColor;
				CODE_SIGN_STYLE = Automatic;
				CURRENT_PROJECT_VERSION = 1;
				DEVELOPMENT_TEAM = 9YKPN86MST;
				GENERATE_INFOPLIST_FILE = YES;
				INFOPLIST_FILE = BLE/Info.plist;
				INFOPLIST_KEY_CFBundleDisplayName = SmartLock;
				INFOPLIST_KEY_UIApplicationSupportsIndirectInputEvents = YES;
				INFOPLIST_KEY_UILaunchStoryboardName = LaunchScreen;
				INFOPLIST_KEY_UIMainStoryboardFile = Main;
				INFOPLIST_KEY_UISupportedInterfaceOrientations_iPad = "UIInterfaceOrientationPortrait UIInterfaceOrientationPortraitUpsideDown UIInterfaceOrientationLandscapeLeft UIInterfaceOrientationLandscapeRight";
				INFOPLIST_KEY_UISupportedInterfaceOrientations_iPhone = "UIInterfaceOrientationPortrait UIInterfaceOrientationLandscapeLeft UIInterfaceOrientationLandscapeRight";
				LD_RUNPATH_SEARCH_PATHS = (
					"$(inherited)",
					"@executable_path/Frameworks",
				);
				MARKETING_VERSION = 1.0;
				PRODUCT_BUNDLE_IDENTIFIER = com.BLE.LockDoor;
				PRODUCT_NAME = "$(TARGET_NAME)";
				SUPPORTED_PLATFORMS = "iphoneos iphonesimulator";
				SUPPORTS_MACCATALYST = NO;
				SUPPORTS_MAC_DESIGNED_FOR_IPHONE_IPAD = NO;
				SWIFT_EMIT_LOC_STRINGS = YES;
				SWIFT_VERSION = 5.0;
				TARGETED_DEVICE_FAMILY = 1;
			};
			name = Debug;
		};
		79046BE829F3ED7A006AC3D7 /* Release */ = {
			isa = XCBuildConfiguration;
			baseConfigurationReference = 474EB2425B3CCBD867B0F6A9 /* Pods-BLE.release.xcconfig */;
			buildSettings = {
				ASSETCATALOG_COMPILER_APPICON_NAME = AppIcon;
				ASSETCATALOG_COMPILER_GLOBAL_ACCENT_COLOR_NAME = AccentColor;
				CODE_SIGN_STYLE = Automatic;
				CURRENT_PROJECT_VERSION = 1;
				DEVELOPMENT_TEAM = 9YKPN86MST;
				GENERATE_INFOPLIST_FILE = YES;
				INFOPLIST_FILE = BLE/Info.plist;
				INFOPLIST_KEY_CFBundleDisplayName = SmartLock;
				INFOPLIST_KEY_UIApplicationSupportsIndirectInputEvents = YES;
				INFOPLIST_KEY_UILaunchStoryboardName = LaunchScreen;
				INFOPLIST_KEY_UIMainStoryboardFile = Main;
				INFOPLIST_KEY_UISupportedInterfaceOrientations_iPad = "UIInterfaceOrientationPortrait UIInterfaceOrientationPortraitUpsideDown UIInterfaceOrientationLandscapeLeft UIInterfaceOrientationLandscapeRight";
				INFOPLIST_KEY_UISupportedInterfaceOrientations_iPhone = "UIInterfaceOrientationPortrait UIInterfaceOrientationLandscapeLeft UIInterfaceOrientationLandscapeRight";
				LD_RUNPATH_SEARCH_PATHS = (
					"$(inherited)",
					"@executable_path/Frameworks",
				);
				MARKETING_VERSION = 1.0;
				PRODUCT_BUNDLE_IDENTIFIER = com.BLE.LockDoor;
				PRODUCT_NAME = "$(TARGET_NAME)";
				SUPPORTED_PLATFORMS = "iphoneos iphonesimulator";
				SUPPORTS_MACCATALYST = NO;
				SUPPORTS_MAC_DESIGNED_FOR_IPHONE_IPAD = NO;
				SWIFT_EMIT_LOC_STRINGS = YES;
				SWIFT_VERSION = 5.0;
				TARGETED_DEVICE_FAMILY = 1;
			};
			name = Release;
		};
		79046BEA29F3ED7A006AC3D7 /* Debug */ = {
			isa = XCBuildConfiguration;
			baseConfigurationReference = 58A403641649088D1F2B6D8B /* Pods-BLETests.debug.xcconfig */;
			buildSettings = {
				ALWAYS_EMBED_SWIFT_STANDARD_LIBRARIES = YES;
				BUNDLE_LOADER = "$(TEST_HOST)";
				CODE_SIGN_STYLE = Automatic;
				CURRENT_PROJECT_VERSION = 1;
				GENERATE_INFOPLIST_FILE = YES;
				IPHONEOS_DEPLOYMENT_TARGET = 16.4;
				MARKETING_VERSION = 1.0;
				PRODUCT_BUNDLE_IDENTIFIER = BLE.BLETests;
				PRODUCT_NAME = "$(TARGET_NAME)";
				SWIFT_EMIT_LOC_STRINGS = NO;
				SWIFT_VERSION = 5.0;
				TARGETED_DEVICE_FAMILY = "1,2";
				TEST_HOST = "$(BUILT_PRODUCTS_DIR)/BLE.app/$(BUNDLE_EXECUTABLE_FOLDER_PATH)/BLE";
			};
			name = Debug;
		};
		79046BEB29F3ED7A006AC3D7 /* Release */ = {
			isa = XCBuildConfiguration;
			baseConfigurationReference = 00ED6DD823C5B657AB5DE565 /* Pods-BLETests.release.xcconfig */;
			buildSettings = {
				ALWAYS_EMBED_SWIFT_STANDARD_LIBRARIES = YES;
				BUNDLE_LOADER = "$(TEST_HOST)";
				CODE_SIGN_STYLE = Automatic;
				CURRENT_PROJECT_VERSION = 1;
				GENERATE_INFOPLIST_FILE = YES;
				IPHONEOS_DEPLOYMENT_TARGET = 16.4;
				MARKETING_VERSION = 1.0;
				PRODUCT_BUNDLE_IDENTIFIER = BLE.BLETests;
				PRODUCT_NAME = "$(TARGET_NAME)";
				SWIFT_EMIT_LOC_STRINGS = NO;
				SWIFT_VERSION = 5.0;
				TARGETED_DEVICE_FAMILY = "1,2";
				TEST_HOST = "$(BUILT_PRODUCTS_DIR)/BLE.app/$(BUNDLE_EXECUTABLE_FOLDER_PATH)/BLE";
			};
			name = Release;
		};
		79046BED29F3ED7A006AC3D7 /* Debug */ = {
			isa = XCBuildConfiguration;
			baseConfigurationReference = 5454560705C523C6029A6460 /* Pods-BLE-BLEUITests.debug.xcconfig */;
			buildSettings = {
				ALWAYS_EMBED_SWIFT_STANDARD_LIBRARIES = YES;
				CODE_SIGN_STYLE = Automatic;
				CURRENT_PROJECT_VERSION = 1;
				GENERATE_INFOPLIST_FILE = YES;
				MARKETING_VERSION = 1.0;
				PRODUCT_BUNDLE_IDENTIFIER = BLE.BLEUITests;
				PRODUCT_NAME = "$(TARGET_NAME)";
				SWIFT_EMIT_LOC_STRINGS = NO;
				SWIFT_VERSION = 5.0;
				TARGETED_DEVICE_FAMILY = "1,2";
				TEST_TARGET_NAME = BLE;
			};
			name = Debug;
		};
		79046BEE29F3ED7A006AC3D7 /* Release */ = {
			isa = XCBuildConfiguration;
			baseConfigurationReference = 571649481DDAB008207A3CE0 /* Pods-BLE-BLEUITests.release.xcconfig */;
			buildSettings = {
				ALWAYS_EMBED_SWIFT_STANDARD_LIBRARIES = YES;
				CODE_SIGN_STYLE = Automatic;
				CURRENT_PROJECT_VERSION = 1;
				GENERATE_INFOPLIST_FILE = YES;
				MARKETING_VERSION = 1.0;
				PRODUCT_BUNDLE_IDENTIFIER = BLE.BLEUITests;
				PRODUCT_NAME = "$(TARGET_NAME)";
				SWIFT_EMIT_LOC_STRINGS = NO;
				SWIFT_VERSION = 5.0;
				TARGETED_DEVICE_FAMILY = "1,2";
				TEST_TARGET_NAME = BLE;
			};
			name = Release;
		};
/* End XCBuildConfiguration section */

/* Begin XCConfigurationList section */
		79046BB729F3ED77006AC3D7 /* Build configuration list for PBXProject "BLE" */ = {
			isa = XCConfigurationList;
			buildConfigurations = (
				79046BE429F3ED7A006AC3D7 /* Debug */,
				79046BE529F3ED7A006AC3D7 /* Release */,
			);
			defaultConfigurationIsVisible = 0;
			defaultConfigurationName = Release;
		};
		79046BE629F3ED7A006AC3D7 /* Build configuration list for PBXNativeTarget "BLE" */ = {
			isa = XCConfigurationList;
			buildConfigurations = (
				79046BE729F3ED7A006AC3D7 /* Debug */,
				79046BE829F3ED7A006AC3D7 /* Release */,
			);
			defaultConfigurationIsVisible = 0;
			defaultConfigurationName = Release;
		};
		79046BE929F3ED7A006AC3D7 /* Build configuration list for PBXNativeTarget "BLETests" */ = {
			isa = XCConfigurationList;
			buildConfigurations = (
				79046BEA29F3ED7A006AC3D7 /* Debug */,
				79046BEB29F3ED7A006AC3D7 /* Release */,
			);
			defaultConfigurationIsVisible = 0;
			defaultConfigurationName = Release;
		};
		79046BEC29F3ED7A006AC3D7 /* Build configuration list for PBXNativeTarget "BLEUITests" */ = {
			isa = XCConfigurationList;
			buildConfigurations = (
				79046BED29F3ED7A006AC3D7 /* Debug */,
				79046BEE29F3ED7A006AC3D7 /* Release */,
			);
			defaultConfigurationIsVisible = 0;
			defaultConfigurationName = Release;
		};
/* End XCConfigurationList section */
	};
	rootObject = 79046BB429F3ED77006AC3D7 /* Project object */;
}
